// !$*UTF8*$!
{
	archiveVersion = 1;
	classes = {
	};
	objectVersion = 46;
	objects = {

/* Begin PBXBuildFile section */
		653437FE1BF2AD59003D27F9 /* FrancophileLaunch.storyboard in Resources */ = {isa = PBXBuildFile; fileRef = 653437FD1BF2AD59003D27F9 /* FrancophileLaunch.storyboard */; };
		654774281BE7B64A00A5F3CD /* AppDelegate.swift in Sources */ = {isa = PBXBuildFile; fileRef = 654774271BE7B64A00A5F3CD /* AppDelegate.swift */; };
		6547742A1BE7B64A00A5F3CD /* ViewController.swift in Sources */ = {isa = PBXBuildFile; fileRef = 654774291BE7B64A00A5F3CD /* ViewController.swift */; };
		6547742D1BE7B64A00A5F3CD /* Main.storyboard in Resources */ = {isa = PBXBuildFile; fileRef = 6547742B1BE7B64A00A5F3CD /* Main.storyboard */; };
		6547742F1BE7B64A00A5F3CD /* Assets.xcassets in Resources */ = {isa = PBXBuildFile; fileRef = 6547742E1BE7B64A00A5F3CD /* Assets.xcassets */; };
		6547743D1BE7B64A00A5F3CD /* IndividualProjectTests.swift in Sources */ = {isa = PBXBuildFile; fileRef = 6547743C1BE7B64A00A5F3CD /* IndividualProjectTests.swift */; };
		654774481BE7B64A00A5F3CD /* IndividualProjectUITests.swift in Sources */ = {isa = PBXBuildFile; fileRef = 654774471BE7B64A00A5F3CD /* IndividualProjectUITests.swift */; };
		654774681BEB9AD500A5F3CD /* FrancoCollectionCollectionViewController.swift in Sources */ = {isa = PBXBuildFile; fileRef = 654774671BEB9AD500A5F3CD /* FrancoCollectionCollectionViewController.swift */; };
		6547746A1BEB9CFD00A5F3CD /* FrancoCellCollectionViewCell.swift in Sources */ = {isa = PBXBuildFile; fileRef = 654774691BEB9CFD00A5F3CD /* FrancoCellCollectionViewCell.swift */; };
		655ED19F1BF4F7B200899CC9 /* Fabric.framework in Frameworks */ = {isa = PBXBuildFile; fileRef = 655ED19D1BF4F7B200899CC9 /* Fabric.framework */; };
		655ED1A01BF4F7B200899CC9 /* Crashlytics.framework in Frameworks */ = {isa = PBXBuildFile; fileRef = 655ED19E1BF4F7B200899CC9 /* Crashlytics.framework */; };
/* End PBXBuildFile section */

/* Begin PBXContainerItemProxy section */
		654774391BE7B64A00A5F3CD /* PBXContainerItemProxy */ = {
			isa = PBXContainerItemProxy;
			containerPortal = 6547741C1BE7B64A00A5F3CD /* Project object */;
			proxyType = 1;
			remoteGlobalIDString = 654774231BE7B64A00A5F3CD;
			remoteInfo = IndividualProject;
		};
		654774441BE7B64A00A5F3CD /* PBXContainerItemProxy */ = {
			isa = PBXContainerItemProxy;
			containerPortal = 6547741C1BE7B64A00A5F3CD /* Project object */;
			proxyType = 1;
			remoteGlobalIDString = 654774231BE7B64A00A5F3CD;
			remoteInfo = IndividualProject;
		};
/* End PBXContainerItemProxy section */

/* Begin PBXFileReference section */
		653437FD1BF2AD59003D27F9 /* FrancophileLaunch.storyboard */ = {isa = PBXFileReference; fileEncoding = 4; lastKnownFileType = file.storyboard; path = FrancophileLaunch.storyboard; sourceTree = "<group>"; };
		654774241BE7B64A00A5F3CD /* IndividualProject.app */ = {isa = PBXFileReference; explicitFileType = wrapper.application; includeInIndex = 0; path = IndividualProject.app; sourceTree = BUILT_PRODUCTS_DIR; };
		654774271BE7B64A00A5F3CD /* AppDelegate.swift */ = {isa = PBXFileReference; lastKnownFileType = sourcecode.swift; path = AppDelegate.swift; sourceTree = "<group>"; };
		654774291BE7B64A00A5F3CD /* ViewController.swift */ = {isa = PBXFileReference; lastKnownFileType = sourcecode.swift; path = ViewController.swift; sourceTree = "<group>"; };
		6547742C1BE7B64A00A5F3CD /* Base */ = {isa = PBXFileReference; lastKnownFileType = file.storyboard; name = Base; path = Base.lproj/Main.storyboard; sourceTree = "<group>"; };
		6547742E1BE7B64A00A5F3CD /* Assets.xcassets */ = {isa = PBXFileReference; lastKnownFileType = folder.assetcatalog; path = Assets.xcassets; sourceTree = "<group>"; };
		654774331BE7B64A00A5F3CD /* Info.plist */ = {isa = PBXFileReference; lastKnownFileType = text.plist.xml; path = Info.plist; sourceTree = "<group>"; };
		654774381BE7B64A00A5F3CD /* IndividualProject.xctest */ = {isa = PBXFileReference; explicitFileType = wrapper.cfbundle; includeInIndex = 0; path = IndividualProject.xctest; sourceTree = BUILT_PRODUCTS_DIR; };
		6547743C1BE7B64A00A5F3CD /* IndividualProjectTests.swift */ = {isa = PBXFileReference; lastKnownFileType = sourcecode.swift; path = IndividualProjectTests.swift; sourceTree = "<group>"; };
		6547743E1BE7B64A00A5F3CD /* Info.plist */ = {isa = PBXFileReference; lastKnownFileType = text.plist.xml; path = Info.plist; sourceTree = "<group>"; };
		654774431BE7B64A00A5F3CD /* IndividualProject.xctest */ = {isa = PBXFileReference; explicitFileType = wrapper.cfbundle; includeInIndex = 0; path = IndividualProject.xctest; sourceTree = BUILT_PRODUCTS_DIR; };
		654774471BE7B64A00A5F3CD /* IndividualProjectUITests.swift */ = {isa = PBXFileReference; lastKnownFileType = sourcecode.swift; path = IndividualProjectUITests.swift; sourceTree = "<group>"; };
		654774491BE7B64A00A5F3CD /* Info.plist */ = {isa = PBXFileReference; lastKnownFileType = text.plist.xml; path = Info.plist; sourceTree = "<group>"; };
		654774671BEB9AD500A5F3CD /* FrancoCollectionCollectionViewController.swift */ = {isa = PBXFileReference; fileEncoding = 4; lastKnownFileType = sourcecode.swift; path = FrancoCollectionCollectionViewController.swift; sourceTree = "<group>"; };
		654774691BEB9CFD00A5F3CD /* FrancoCellCollectionViewCell.swift */ = {isa = PBXFileReference; fileEncoding = 4; lastKnownFileType = sourcecode.swift; path = FrancoCellCollectionViewCell.swift; sourceTree = "<group>"; };
		655ED19D1BF4F7B200899CC9 /* Fabric.framework */ = {isa = PBXFileReference; lastKnownFileType = wrapper.framework; path = Fabric.framework; sourceTree = "<group>"; };
		655ED19E1BF4F7B200899CC9 /* Crashlytics.framework */ = {isa = PBXFileReference; lastKnownFileType = wrapper.framework; path = Crashlytics.framework; sourceTree = "<group>"; };
/* End PBXFileReference section */

/* Begin PBXFrameworksBuildPhase section */
		654774211BE7B64A00A5F3CD /* Frameworks */ = {
			isa = PBXFrameworksBuildPhase;
			buildActionMask = 2147483647;
			files = (
				655ED1A01BF4F7B200899CC9 /* Crashlytics.framework in Frameworks */,
				655ED19F1BF4F7B200899CC9 /* Fabric.framework in Frameworks */,
			);
			runOnlyForDeploymentPostprocessing = 0;
		};
		654774351BE7B64A00A5F3CD /* Frameworks */ = {
			isa = PBXFrameworksBuildPhase;
			buildActionMask = 2147483647;
			files = (
			);
			runOnlyForDeploymentPostprocessing = 0;
		};
		654774401BE7B64A00A5F3CD /* Frameworks */ = {
			isa = PBXFrameworksBuildPhase;
			buildActionMask = 2147483647;
			files = (
			);
			runOnlyForDeploymentPostprocessing = 0;
		};
/* End PBXFrameworksBuildPhase section */

/* Begin PBXGroup section */
		6547741B1BE7B64A00A5F3CD = {
			isa = PBXGroup;
			children = (
				654774261BE7B64A00A5F3CD /* James Francophile */,
				6547743B1BE7B64A00A5F3CD /* IndividualProjectTests */,
				654774461BE7B64A00A5F3CD /* IndividualProjectUITests */,
				654774251BE7B64A00A5F3CD /* Products */,
				655ED19D1BF4F7B200899CC9 /* Fabric.framework */,
				655ED19E1BF4F7B200899CC9 /* Crashlytics.framework */,
			);
			sourceTree = "<group>";
		};
		654774251BE7B64A00A5F3CD /* Products */ = {
			isa = PBXGroup;
			children = (
				654774241BE7B64A00A5F3CD /* IndividualProject.app */,
				654774381BE7B64A00A5F3CD /* IndividualProject.xctest */,
				654774431BE7B64A00A5F3CD /* IndividualProject.xctest */,
			);
			name = Products;
			sourceTree = "<group>";
		};
		654774261BE7B64A00A5F3CD /* James Francophile */ = {
			isa = PBXGroup;
			children = (
				654774271BE7B64A00A5F3CD /* AppDelegate.swift */,
				654774291BE7B64A00A5F3CD /* ViewController.swift */,
				654774671BEB9AD500A5F3CD /* FrancoCollectionCollectionViewController.swift */,
				654774691BEB9CFD00A5F3CD /* FrancoCellCollectionViewCell.swift */,
				6547742B1BE7B64A00A5F3CD /* Main.storyboard */,
				653437FD1BF2AD59003D27F9 /* FrancophileLaunch.storyboard */,
				6547742E1BE7B64A00A5F3CD /* Assets.xcassets */,
				654774331BE7B64A00A5F3CD /* Info.plist */,
			);
			name = "James Francophile";
			path = IndividualProject;
			sourceTree = "<group>";
		};
		6547743B1BE7B64A00A5F3CD /* IndividualProjectTests */ = {
			isa = PBXGroup;
			children = (
				6547743C1BE7B64A00A5F3CD /* IndividualProjectTests.swift */,
				6547743E1BE7B64A00A5F3CD /* Info.plist */,
			);
			path = IndividualProjectTests;
			sourceTree = "<group>";
		};
		654774461BE7B64A00A5F3CD /* IndividualProjectUITests */ = {
			isa = PBXGroup;
			children = (
				654774471BE7B64A00A5F3CD /* IndividualProjectUITests.swift */,
				654774491BE7B64A00A5F3CD /* Info.plist */,
			);
			path = IndividualProjectUITests;
			sourceTree = "<group>";
		};
/* End PBXGroup section */

/* Begin PBXNativeTarget section */
		654774231BE7B64A00A5F3CD /* IndividualProject */ = {
			isa = PBXNativeTarget;
			buildConfigurationList = 6547744C1BE7B64A00A5F3CD /* Build configuration list for PBXNativeTarget "IndividualProject" */;
			buildPhases = (
				654774201BE7B64A00A5F3CD /* Sources */,
				654774211BE7B64A00A5F3CD /* Frameworks */,
				654774221BE7B64A00A5F3CD /* Resources */,
				655ED19C1BF4F76100899CC9 /* ShellScript */,
			);
			buildRules = (
			);
			dependencies = (
			);
			name = IndividualProject;
			productName = IndividualProject;
			productReference = 654774241BE7B64A00A5F3CD /* IndividualProject.app */;
			productType = "com.apple.product-type.application";
		};
		654774371BE7B64A00A5F3CD /* IndividualProjectTests */ = {
			isa = PBXNativeTarget;
			buildConfigurationList = 6547744F1BE7B64A00A5F3CD /* Build configuration list for PBXNativeTarget "IndividualProjectTests" */;
			buildPhases = (
				654774341BE7B64A00A5F3CD /* Sources */,
				654774351BE7B64A00A5F3CD /* Frameworks */,
				654774361BE7B64A00A5F3CD /* Resources */,
			);
			buildRules = (
			);
			dependencies = (
				6547743A1BE7B64A00A5F3CD /* PBXTargetDependency */,
			);
			name = IndividualProjectTests;
			productName = IndividualProjectTests;
			productReference = 654774381BE7B64A00A5F3CD /* IndividualProject.xctest */;
			productType = "com.apple.product-type.bundle.unit-test";
		};
		654774421BE7B64A00A5F3CD /* IndividualProjectUITests */ = {
			isa = PBXNativeTarget;
			buildConfigurationList = 654774521BE7B64A00A5F3CD /* Build configuration list for PBXNativeTarget "IndividualProjectUITests" */;
			buildPhases = (
				6547743F1BE7B64A00A5F3CD /* Sources */,
				654774401BE7B64A00A5F3CD /* Frameworks */,
				654774411BE7B64A00A5F3CD /* Resources */,
			);
			buildRules = (
			);
			dependencies = (
				654774451BE7B64A00A5F3CD /* PBXTargetDependency */,
			);
			name = IndividualProjectUITests;
			productName = IndividualProjectUITests;
			productReference = 654774431BE7B64A00A5F3CD /* IndividualProject.xctest */;
			productType = "com.apple.product-type.bundle.ui-testing";
		};
/* End PBXNativeTarget section */

/* Begin PBXProject section */
		6547741C1BE7B64A00A5F3CD /* Project object */ = {
			isa = PBXProject;
			attributes = {
				LastSwiftUpdateCheck = 0710;
				LastUpgradeCheck = 0710;
				ORGANIZATIONNAME = Me;
				TargetAttributes = {
					654774231BE7B64A00A5F3CD = {
						CreatedOnToolsVersion = 7.1;
					};
					654774371BE7B64A00A5F3CD = {
						CreatedOnToolsVersion = 7.1;
						TestTargetID = 654774231BE7B64A00A5F3CD;
					};
					654774421BE7B64A00A5F3CD = {
						CreatedOnToolsVersion = 7.1;
						TestTargetID = 654774231BE7B64A00A5F3CD;
					};
				};
			};
			buildConfigurationList = 6547741F1BE7B64A00A5F3CD /* Build configuration list for PBXProject "IndividualProject" */;
			compatibilityVersion = "Xcode 3.2";
			developmentRegion = English;
			hasScannedForEncodings = 0;
			knownRegions = (
				en,
				Base,
			);
			mainGroup = 6547741B1BE7B64A00A5F3CD;
			productRefGroup = 654774251BE7B64A00A5F3CD /* Products */;
			projectDirPath = "";
			projectRoot = "";
			targets = (
				654774231BE7B64A00A5F3CD /* IndividualProject */,
				654774371BE7B64A00A5F3CD /* IndividualProjectTests */,
				654774421BE7B64A00A5F3CD /* IndividualProjectUITests */,
			);
		};
/* End PBXProject section */

/* Begin PBXResourcesBuildPhase section */
		654774221BE7B64A00A5F3CD /* Resources */ = {
			isa = PBXResourcesBuildPhase;
			buildActionMask = 2147483647;
			files = (
				653437FE1BF2AD59003D27F9 /* FrancophileLaunch.storyboard in Resources */,
				6547742F1BE7B64A00A5F3CD /* Assets.xcassets in Resources */,
				6547742D1BE7B64A00A5F3CD /* Main.storyboard in Resources */,
			);
			runOnlyForDeploymentPostprocessing = 0;
		};
		654774361BE7B64A00A5F3CD /* Resources */ = {
			isa = PBXResourcesBuildPhase;
			buildActionMask = 2147483647;
			files = (
			);
			runOnlyForDeploymentPostprocessing = 0;
		};
		654774411BE7B64A00A5F3CD /* Resources */ = {
			isa = PBXResourcesBuildPhase;
			buildActionMask = 2147483647;
			files = (
			);
			runOnlyForDeploymentPostprocessing = 0;
		};
/* End PBXResourcesBuildPhase section */

/* Begin PBXShellScriptBuildPhase section */
		655ED19C1BF4F76100899CC9 /* ShellScript */ = {
			isa = PBXShellScriptBuildPhase;
			buildActionMask = 2147483647;
			files = (
			);
			inputPaths = (
			);
			outputPaths = (
			);
			runOnlyForDeploymentPostprocessing = 0;
			shellPath = /bin/sh;
			shellScript = "./Fabric.framework/run 16137e9cb8e7ea313e72eabd66111d7faeea73ef 4bd63fef07c9423261104bb5a5659adfa2a001b1552fffa3b50437acdf7fd2e5";
		};
/* End PBXShellScriptBuildPhase section */

/* Begin PBXSourcesBuildPhase section */
		654774201BE7B64A00A5F3CD /* Sources */ = {
			isa = PBXSourcesBuildPhase;
			buildActionMask = 2147483647;
			files = (
				6547742A1BE7B64A00A5F3CD /* ViewController.swift in Sources */,
				6547746A1BEB9CFD00A5F3CD /* FrancoCellCollectionViewCell.swift in Sources */,
				654774681BEB9AD500A5F3CD /* FrancoCollectionCollectionViewController.swift in Sources */,
				654774281BE7B64A00A5F3CD /* AppDelegate.swift in Sources */,
			);
			runOnlyForDeploymentPostprocessing = 0;
		};
		654774341BE7B64A00A5F3CD /* Sources */ = {
			isa = PBXSourcesBuildPhase;
			buildActionMask = 2147483647;
			files = (
				6547743D1BE7B64A00A5F3CD /* IndividualProjectTests.swift in Sources */,
			);
			runOnlyForDeploymentPostprocessing = 0;
		};
		6547743F1BE7B64A00A5F3CD /* Sources */ = {
			isa = PBXSourcesBuildPhase;
			buildActionMask = 2147483647;
			files = (
				654774481BE7B64A00A5F3CD /* IndividualProjectUITests.swift in Sources */,
			);
			runOnlyForDeploymentPostprocessing = 0;
		};
/* End PBXSourcesBuildPhase section */

/* Begin PBXTargetDependency section */
		6547743A1BE7B64A00A5F3CD /* PBXTargetDependency */ = {
			isa = PBXTargetDependency;
			target = 654774231BE7B64A00A5F3CD /* IndividualProject */;
			targetProxy = 654774391BE7B64A00A5F3CD /* PBXContainerItemProxy */;
		};
		654774451BE7B64A00A5F3CD /* PBXTargetDependency */ = {
			isa = PBXTargetDependency;
			target = 654774231BE7B64A00A5F3CD /* IndividualProject */;
			targetProxy = 654774441BE7B64A00A5F3CD /* PBXContainerItemProxy */;
		};
/* End PBXTargetDependency section */

/* Begin PBXVariantGroup section */
		6547742B1BE7B64A00A5F3CD /* Main.storyboard */ = {
			isa = PBXVariantGroup;
			children = (
				6547742C1BE7B64A00A5F3CD /* Base */,
			);
			name = Main.storyboard;
			sourceTree = "<group>";
		};
/* End PBXVariantGroup section */

/* Begin XCBuildConfiguration section */
		6547744A1BE7B64A00A5F3CD /* Debug */ = {
			isa = XCBuildConfiguration;
			buildSettings = {
				ALWAYS_SEARCH_USER_PATHS = NO;
				CLANG_CXX_LANGUAGE_STANDARD = "gnu++0x";
				CLANG_CXX_LIBRARY = "libc++";
				CLANG_ENABLE_MODULES = YES;
				CLANG_ENABLE_OBJC_ARC = YES;
				CLANG_WARN_BOOL_CONVERSION = YES;
				CLANG_WARN_CONSTANT_CONVERSION = YES;
				CLANG_WARN_DIRECT_OBJC_ISA_USAGE = YES_ERROR;
				CLANG_WARN_EMPTY_BODY = YES;
				CLANG_WARN_ENUM_CONVERSION = YES;
				CLANG_WARN_INT_CONVERSION = YES;
				CLANG_WARN_OBJC_ROOT_CLASS = YES_ERROR;
				CLANG_WARN_UNREACHABLE_CODE = YES;
				CLANG_WARN__DUPLICATE_METHOD_MATCH = YES;
				"CODE_SIGN_IDENTITY[sdk=iphoneos*]" = "iPhone Developer";
				COPY_PHASE_STRIP = NO;
				DEBUG_INFORMATION_FORMAT = dwarf;
				ENABLE_STRICT_OBJC_MSGSEND = YES;
				ENABLE_TESTABILITY = YES;
				GCC_C_LANGUAGE_STANDARD = gnu99;
				GCC_DYNAMIC_NO_PIC = NO;
				GCC_NO_COMMON_BLOCKS = YES;
				GCC_OPTIMIZATION_LEVEL = 0;
				GCC_PREPROCESSOR_DEFINITIONS = (
					"DEBUG=1",
					"$(inherited)",
				);
				GCC_WARN_64_TO_32_BIT_CONVERSION = YES;
				GCC_WARN_ABOUT_RETURN_TYPE = YES_ERROR;
				GCC_WARN_UNDECLARED_SELECTOR = YES;
				GCC_WARN_UNINITIALIZED_AUTOS = YES_AGGRESSIVE;
				GCC_WARN_UNUSED_FUNCTION = YES;
				GCC_WARN_UNUSED_VARIABLE = YES;
				IPHONEOS_DEPLOYMENT_TARGET = 9.1;
				MTL_ENABLE_DEBUG_INFO = YES;
				ONLY_ACTIVE_ARCH = YES;
				SDKROOT = iphoneos;
				SWIFT_OPTIMIZATION_LEVEL = "-Onone";
			};
			name = Debug;
		};
		6547744B1BE7B64A00A5F3CD /* Release */ = {
			isa = XCBuildConfiguration;
			buildSettings = {
				ALWAYS_SEARCH_USER_PATHS = NO;
				CLANG_CXX_LANGUAGE_STANDARD = "gnu++0x";
				CLANG_CXX_LIBRARY = "libc++";
				CLANG_ENABLE_MODULES = YES;
				CLANG_ENABLE_OBJC_ARC = YES;
				CLANG_WARN_BOOL_CONVERSION = YES;
				CLANG_WARN_CONSTANT_CONVERSION = YES;
				CLANG_WARN_DIRECT_OBJC_ISA_USAGE = YES_ERROR;
				CLANG_WARN_EMPTY_BODY = YES;
				CLANG_WARN_ENUM_CONVERSION = YES;
				CLANG_WARN_INT_CONVERSION = YES;
				CLANG_WARN_OBJC_ROOT_CLASS = YES_ERROR;
				CLANG_WARN_UNREACHABLE_CODE = YES;
				CLANG_WARN__DUPLICATE_METHOD_MATCH = YES;
				"CODE_SIGN_IDENTITY[sdk=iphoneos*]" = "iPhone Developer";
				COPY_PHASE_STRIP = NO;
				DEBUG_INFORMATION_FORMAT = "dwarf-with-dsym";
				ENABLE_NS_ASSERTIONS = NO;
				ENABLE_STRICT_OBJC_MSGSEND = YES;
				GCC_C_LANGUAGE_STANDARD = gnu99;
				GCC_NO_COMMON_BLOCKS = YES;
				GCC_WARN_64_TO_32_BIT_CONVERSION = YES;
				GCC_WARN_ABOUT_RETURN_TYPE = YES_ERROR;
				GCC_WARN_UNDECLARED_SELECTOR = YES;
				GCC_WARN_UNINITIALIZED_AUTOS = YES_AGGRESSIVE;
				GCC_WARN_UNUSED_FUNCTION = YES;
				GCC_WARN_UNUSED_VARIABLE = YES;
				IPHONEOS_DEPLOYMENT_TARGET = 9.1;
				MTL_ENABLE_DEBUG_INFO = NO;
				SDKROOT = iphoneos;
				VALIDATE_PRODUCT = YES;
			};
			name = Release;
		};
		6547744D1BE7B64A00A5F3CD /* Debug */ = {
			isa = XCBuildConfiguration;
			buildSettings = {
				ASSETCATALOG_COMPILER_APPICON_NAME = AppIcon;
				FRAMEWORK_SEARCH_PATHS = (
					"$(inherited)",
					"$(PROJECT_DIR)",
				);
				INFOPLIST_FILE = IndividualProject/Info.plist;
				LD_RUNPATH_SEARCH_PATHS = "$(inherited) @executable_path/Frameworks";
				PRODUCT_BUNDLE_IDENTIFIER = com.kateo.project.JamesFrancophile;
				PRODUCT_NAME = IndividualProject;
			};
			name = Debug;
		};
		6547744E1BE7B64A00A5F3CD /* Release */ = {
			isa = XCBuildConfiguration;
			buildSettings = {
				ASSETCATALOG_COMPILER_APPICON_NAME = AppIcon;
				FRAMEWORK_SEARCH_PATHS = (
					"$(inherited)",
					"$(PROJECT_DIR)",
				);
				INFOPLIST_FILE = IndividualProject/Info.plist;
				LD_RUNPATH_SEARCH_PATHS = "$(inherited) @executable_path/Frameworks";
				PRODUCT_BUNDLE_IDENTIFIER = com.kateo.project.JamesFrancophile;
				PRODUCT_NAME = IndividualProject;
			};
			name = Release;
		};
		654774501BE7B64A00A5F3CD /* Debug */ = {
			isa = XCBuildConfiguration;
			buildSettings = {
				BUNDLE_LOADER = "$(TEST_HOST)";
				INFOPLIST_FILE = IndividualProjectTests/Info.plist;
				LD_RUNPATH_SEARCH_PATHS = "$(inherited) @executable_path/Frameworks @loader_path/Frameworks";
				PRODUCT_BUNDLE_IDENTIFIER = com.kateo.project.IndividualProjectTests;
				PRODUCT_NAME = IndividualProject;
				TEST_HOST = "$(BUILT_PRODUCTS_DIR)/IndividualProject.app/IndividualProject";
			};
			name = Debug;
		};
		654774511BE7B64A00A5F3CD /* Release */ = {
			isa = XCBuildConfiguration;
			buildSettings = {
				BUNDLE_LOADER = "$(TEST_HOST)";
				INFOPLIST_FILE = IndividualProjectTests/Info.plist;
				LD_RUNPATH_SEARCH_PATHS = "$(inherited) @executable_path/Frameworks @loader_path/Frameworks";
				PRODUCT_BUNDLE_IDENTIFIER = com.kateo.project.IndividualProjectTests;
				PRODUCT_NAME = IndividualProject;
				TEST_HOST = "$(BUILT_PRODUCTS_DIR)/IndividualProject.app/IndividualProject";
			};
			name = Release;
		};
		654774531BE7B64A00A5F3CD /* Debug */ = {
			isa = XCBuildConfiguration;
			buildSettings = {
				INFOPLIST_FILE = IndividualProjectUITests/Info.plist;
				LD_RUNPATH_SEARCH_PATHS = "$(inherited) @executable_path/Frameworks @loader_path/Frameworks";
				PRODUCT_BUNDLE_IDENTIFIER = com.kateo.project.IndividualProjectUITests;
				PRODUCT_NAME = IndividualProject;
				TEST_TARGET_NAME = IndividualProject;
				USES_XCTRUNNER = YES;
			};
			name = Debug;
		};
		654774541BE7B64A00A5F3CD /* Release */ = {
			isa = XCBuildConfiguration;
			buildSettings = {
				INFOPLIST_FILE = IndividualProjectUITests/Info.plist;
				LD_RUNPATH_SEARCH_PATHS = "$(inherited) @executable_path/Frameworks @loader_path/Frameworks";
				PRODUCT_BUNDLE_IDENTIFIER = com.kateo.project.IndividualProjectUITests;
				PRODUCT_NAME = IndividualProject;
				TEST_TARGET_NAME = IndividualProject;
				USES_XCTRUNNER = YES;
			};
			name = Release;
		};
/* End XCBuildConfiguration section */

/* Begin XCConfigurationList section */
		6547741F1BE7B64A00A5F3CD /* Build configuration list for PBXProject "IndividualProject" */ = {
			isa = XCConfigurationList;
			buildConfigurations = (
				6547744A1BE7B64A00A5F3CD /* Debug */,
				6547744B1BE7B64A00A5F3CD /* Release */,
			);
			defaultConfigurationIsVisible = 0;
			defaultConfigurationName = Release;
		};
		6547744C1BE7B64A00A5F3CD /* Build configuration list for PBXNativeTarget "IndividualProject" */ = {
			isa = XCConfigurationList;
			buildConfigurations = (
				6547744D1BE7B64A00A5F3CD /* Debug */,
				6547744E1BE7B64A00A5F3CD /* Release */,
			);
			defaultConfigurationIsVisible = 0;
			defaultConfigurationName = Release;
		};
		6547744F1BE7B64A00A5F3CD /* Build configuration list for PBXNativeTarget "IndividualProjectTests" */ = {
			isa = XCConfigurationList;
			buildConfigurations = (
				654774501BE7B64A00A5F3CD /* Debug */,
				654774511BE7B64A00A5F3CD /* Release */,
			);
			defaultConfigurationIsVisible = 0;
			defaultConfigurationName = Release;
		};
		654774521BE7B64A00A5F3CD /* Build configuration list for PBXNativeTarget "IndividualProjectUITests" */ = {
			isa = XCConfigurationList;
			buildConfigurations = (
				654774531BE7B64A00A5F3CD /* Debug */,
				654774541BE7B64A00A5F3CD /* Release */,
			);
			defaultConfigurationIsVisible = 0;
			defaultConfigurationName = Release;
		};
/* End XCConfigurationList section */
	};
	rootObject = 6547741C1BE7B64A00A5F3CD /* Project object */;
}
